
Microsoft Visual Studio Solution File, Format Version 12.00
# Visual Studio Version 16
VisualStudioVersion = 16.0.32228.343
MinimumVisualStudioVersion = 10.0.40219.1
Project("{FAE04EC0-301F-11D3-BF4B-00C04F79EFBC}") = "Anketa", "Anketa\Anketa.csproj", "{55C0E926-AEA3-465F-BC7C-4953CCE9CE98}"
EndProject
Global
	GlobalSection(SolutionConfigurationPlatforms) = preSolution
		Debug|Any CPU = Debug|Any CPU
		Release|Any CPU = Release|Any CPU
	EndGlobalSection
	GlobalSection(ProjectConfigurationPlatforms) = postSolution
		{55C0E926-AEA3-465F-BC7C-4953CCE9CE98}.Debug|Any CPU.ActiveCfg = Debug|Any CPU
		{55C0E926-AEA3-465F-BC7C-4953CCE9CE98}.Debug|Any CPU.Build.0 = Debug|Any CPU
		{55C0E926-AEA3-465F-BC7C-4953CCE9CE98}.Release|Any CPU.ActiveCfg = Release|Any CPU
		{55C0E926-AEA3-465F-BC7C-4953CCE9CE98}.Release|Any CPU.Build.0 = Release|Any CPU
	EndGlobalSection
	GlobalSection(SolutionProperties) = preSolution
		HideSolutionNode = FALSE
	EndGlobalSection
	GlobalSection(ExtensibilityGlobals) = postSolution
		SolutionGuid = {85BAB158-EB5E-4CBF-9080-4F76C8B490CC}
	EndGlobalSection
EndGlobal
